bitbucket.org/kardianos/osext v0.0.0-20181027061946-15c52d0993e9 h1:e4OTPTo8CRlaXb79fvCXZIHLLOgAf4r360j6NspbhRk=
bitbucket.org/kardianos/osext v0.0.0-20181027061946-15c52d0993e9/go.mod h1:gCJCsH2RZ6GzBARZLbHxrfO81GvxS0XbMqlnU8aSli0=
github.com/coreos/go-etcd v2.0.0+incompatible h1:bXhRBIXoTm9BYHS3gE0TtQuyNZyeEMux2sDi4oo5YOo=
github.com/coreos/go-etcd v2.0.0+incompatible/go.mod h1:Jez6KQU2B/sWsbdaef3ED8NzMklzPG4d5KIOhIy30Tk=
github.com/coreos/go-systemd v0.0.0-20191104093116-d3cd4ed1dbcf h1:iW4rZ826su+pqaw19uhpSCzhj44qo35pNgKFGqzDKkU=
github.com/coreos/go-systemd v0.0.0-20191104093116-d3cd4ed1dbcf/go.mod h1:F5haX7vjVVG0kc13fIWeqUViNPyEJxv/OmvnBo0Yme4=
github.com/fsouza/go-dockerclient v0.0.0-20140601215550-3b6f84ca70be h1:qSe4TrxH1LqgDkjod6U9GqJzSepsrlMwzEh6APxtwuI=
github.com/fsouza/go-dockerclient v0.0.0-20140601215550-3b6f84ca70be/go.mod h1:KpcjM623fQYE9MZiTGzKhjfxXAV9wbyX2C1cyRHfhl0=
github.com/gorilla/mux v1.8.1 h1:TuBL49tXwgrFYWhqrNgrUNEY92u81SPhu7sTdzQEiWY=
github.com/gorilla/mux v1.8.1/go.mod h1:AKf9I4AEqPTmMytcMc0KkNouC66V3BtZ4qD5fmWSiMQ=
github.com/kr/pretty v0.2.1 h1:Fmg33tUaq4/8ym9TJN1x7sLJnHVwhP33CNkpYV/7rwI=
github.com/kr/pretty v0.2.1/go.mod h1:ipq/a2n7PKx3OHsz4KJII5eveXtPO4qwEXGdVfWzfnI=
github.com/kr/pty v1.1.1/go.mod h1:pFQYn66WHrOpPYNljwOMqo10TkYh1fy3cYio2l3bCsQ=
github.com/kr/text v0.1.0 h1:45sCR5RtlFHMR4UwH9sdQ5TC8v0qDQCHnXt+kaKSTVE=
github.com/kr/text v0.1.0/go.mod h1:4Jbv+DJW3UT/LiOwJeYQe1efqtUx/iVham/4vfdArNI=
gopkg.in/check.v1 v1.0.0-20201130134442-10cb98267c6c h1:Hei/4ADfdWqJk1ZMxUNpqntNwaWcugrBjAiHlqqRiVk=
gopkg.in/check.v1 v1.0.0-20201130134442-10cb98267c6c/go.mod h1:JHkPIbrfpd72SG/EVd6muEfDQjcINNoR0C8j2r3qZ4Q=
gopkg.in/yaml.v1 v1.0.0-20140924161607-9f9df34309c0 h1:POO/ycCATvegFmVuPpQzZFJ+pGZeX22Ufu6fibxDVjU=
gopkg.in/yaml.v1 v1.0.0-20140924161607-9f9df34309c0/go.mod h1:WDnlLJ4WF5VGsH/HVa3CI79GS0ol3YnhVnKP89i0kNg=
